
Microsoft Visual Studio Solution File, Format Version 12.00
# Visual Studio Version 16
VisualStudioVersion = 16.0.28803.452
MinimumVisualStudioVersion = 10.0.40219.1
Project("{9A19103F-16F7-4668-BE54-9A1E7A4F7556}") = "EmptyBox.IO", "EmptyBox.IO\EmptyBox.IO.csproj", "{3A006777-4668-4011-B6DB-EB1303F62C90}"
EndProject
Project("{FAE04EC0-301F-11D3-BF4B-00C04F79EFBC}") = "EmptyBox.IO.Android", "EmptyBox.IO.Android\EmptyBox.IO.Android.csproj", "{2322AAB0-A55E-405F-B165-F7A87E53E880}"
EndProject
Project("{FAE04EC0-301F-11D3-BF4B-00C04F79EFBC}") = "EmptyBox.IO.iOS", "EmptyBox.IO.iOS\EmptyBox.IO.iOS.csproj", "{9F9B17D1-FC71-462A-AEA4-3A259A67973A}"
EndProject
Project("{9A19103F-16F7-4668-BE54-9A1E7A4F7556}") = "EmptyBox.IO.Tizen", "EmptyBox.IO.Tizen\EmptyBox.IO.Tizen.csproj", "{CFE881A6-F68C-4546-91EC-59A5581FCCB0}"
EndProject
Project("{9A19103F-16F7-4668-BE54-9A1E7A4F7556}") = "EmptyBox.IO.UWP", "EmptyBox.IO.UWP\EmptyBox.IO.UWP.csproj", "{FE217061-7A80-4E02-8BB3-286A1ED122C3}"
EndProject
Project("{FAE04EC0-301F-11D3-BF4B-00C04F79EFBC}") = "EmptyBox.IO.Windows", "EmptyBox.IO.Windows\EmptyBox.IO.Windows.csproj", "{BB1CF045-C147-4CC6-B850-D290E8201C0F}"
EndProject
Project("{2150E333-8FDC-42A3-9474-1A3956D46DE8}") = "Tests", "Tests", "{49E48B9A-F6EE-44A8-A685-2DC8C19C88B4}"
EndProject
Project("{FAE04EC0-301F-11D3-BF4B-00C04F79EFBC}") = "EmptyBox.IO.Linux", "EmptyBox.IO.Linux\EmptyBox.IO.Linux.csproj", "{D7AE61B7-1EEB-4A95-B239-B6227AE2C13C}"
EndProject
Project("{FAE04EC0-301F-11D3-BF4B-00C04F79EFBC}") = "EmptyBox.IO.macOS", "EmptyBox.IO.macOS\EmptyBox.IO.macOS.csproj", "{60CFD4B7-503E-4450-8063-B82FAF9CC413}"
EndProject
Project("{9A19103F-16F7-4668-BE54-9A1E7A4F7556}") = "EmptyBox.IO.Test", "EmptyBox.IO.Test\EmptyBox.IO.Test.csproj", "{42245E95-F2B4-4152-9864-16B0D2985563}"
EndProject
Project("{FAE04EC0-301F-11D3-BF4B-00C04F79EFBC}") = "EmptyBox.IO.Media.OpenCV", "EmptyBox.IO.Media.OpenCV\EmptyBox.IO.Media.OpenCV.csproj", "{6650D91D-28D5-4A73-840F-5DE6ED7F5988}"
EndProject
Global
	GlobalSection(SolutionConfigurationPlatforms) = preSolution
		Debug|Any CPU = Debug|Any CPU
		Release|Any CPU = Release|Any CPU
	EndGlobalSection
	GlobalSection(ProjectConfigurationPlatforms) = postSolution
		{3A006777-4668-4011-B6DB-EB1303F62C90}.Debug|Any CPU.ActiveCfg = Debug|Any CPU
		{3A006777-4668-4011-B6DB-EB1303F62C90}.Debug|Any CPU.Build.0 = Debug|Any CPU
		{3A006777-4668-4011-B6DB-EB1303F62C90}.Release|Any CPU.ActiveCfg = Release|Any CPU
		{3A006777-4668-4011-B6DB-EB1303F62C90}.Release|Any CPU.Build.0 = Release|Any CPU
		{2322AAB0-A55E-405F-B165-F7A87E53E880}.Debug|Any CPU.ActiveCfg = Debug|Any CPU
		{2322AAB0-A55E-405F-B165-F7A87E53E880}.Debug|Any CPU.Build.0 = Debug|Any CPU
		{2322AAB0-A55E-405F-B165-F7A87E53E880}.Release|Any CPU.ActiveCfg = Release|Any CPU
		{2322AAB0-A55E-405F-B165-F7A87E53E880}.Release|Any CPU.Build.0 = Release|Any CPU
		{9F9B17D1-FC71-462A-AEA4-3A259A67973A}.Debug|Any CPU.ActiveCfg = Debug|Any CPU
		{9F9B17D1-FC71-462A-AEA4-3A259A67973A}.Debug|Any CPU.Build.0 = Debug|Any CPU
		{9F9B17D1-FC71-462A-AEA4-3A259A67973A}.Release|Any CPU.ActiveCfg = Release|Any CPU
		{9F9B17D1-FC71-462A-AEA4-3A259A67973A}.Release|Any CPU.Build.0 = Release|Any CPU
		{CFE881A6-F68C-4546-91EC-59A5581FCCB0}.Debug|Any CPU.ActiveCfg = Debug|Any CPU
		{CFE881A6-F68C-4546-91EC-59A5581FCCB0}.Debug|Any CPU.Build.0 = Debug|Any CPU
		{CFE881A6-F68C-4546-91EC-59A5581FCCB0}.Release|Any CPU.ActiveCfg = Release|Any CPU
		{CFE881A6-F68C-4546-91EC-59A5581FCCB0}.Release|Any CPU.Build.0 = Release|Any CPU
		{FE217061-7A80-4E02-8BB3-286A1ED122C3}.Debug|Any CPU.ActiveCfg = Debug|Any CPU
		{FE217061-7A80-4E02-8BB3-286A1ED122C3}.Debug|Any CPU.Build.0 = Debug|Any CPU
		{FE217061-7A80-4E02-8BB3-286A1ED122C3}.Release|Any CPU.ActiveCfg = Release|Any CPU
		{FE217061-7A80-4E02-8BB3-286A1ED122C3}.Release|Any CPU.Build.0 = Release|Any CPU
		{BB1CF045-C147-4CC6-B850-D290E8201C0F}.Debug|Any CPU.ActiveCfg = Debug|Any CPU
		{BB1CF045-C147-4CC6-B850-D290E8201C0F}.Debug|Any CPU.Build.0 = Debug|Any CPU
		{BB1CF045-C147-4CC6-B850-D290E8201C0F}.Release|Any CPU.ActiveCfg = Release|Any CPU
		{BB1CF045-C147-4CC6-B850-D290E8201C0F}.Release|Any CPU.Build.0 = Release|Any CPU
		{D7AE61B7-1EEB-4A95-B239-B6227AE2C13C}.Debug|Any CPU.ActiveCfg = Debug|Any CPU
		{D7AE61B7-1EEB-4A95-B239-B6227AE2C13C}.Debug|Any CPU.Build.0 = Debug|Any CPU
		{D7AE61B7-1EEB-4A95-B239-B6227AE2C13C}.Release|Any CPU.ActiveCfg = Release|Any CPU
		{D7AE61B7-1EEB-4A95-B239-B6227AE2C13C}.Release|Any CPU.Build.0 = Release|Any CPU
		{60CFD4B7-503E-4450-8063-B82FAF9CC413}.Debug|Any CPU.ActiveCfg = Debug|Any CPU
		{60CFD4B7-503E-4450-8063-B82FAF9CC413}.Debug|Any CPU.Build.0 = Debug|Any CPU
		{60CFD4B7-503E-4450-8063-B82FAF9CC413}.Release|Any CPU.ActiveCfg = Release|Any CPU
		{60CFD4B7-503E-4450-8063-B82FAF9CC413}.Release|Any CPU.Build.0 = Release|Any CPU
		{42245E95-F2B4-4152-9864-16B0D2985563}.Debug|Any CPU.ActiveCfg = Debug|Any CPU
		{42245E95-F2B4-4152-9864-16B0D2985563}.Debug|Any CPU.Build.0 = Debug|Any CPU
		{42245E95-F2B4-4152-9864-16B0D2985563}.Release|Any CPU.ActiveCfg = Release|Any CPU
		{42245E95-F2B4-4152-9864-16B0D2985563}.Release|Any CPU.Build.0 = Release|Any CPU
		{6650D91D-28D5-4A73-840F-5DE6ED7F5988}.Debug|Any CPU.ActiveCfg = Debug|Any CPU
		{6650D91D-28D5-4A73-840F-5DE6ED7F5988}.Debug|Any CPU.Build.0 = Debug|Any CPU
		{6650D91D-28D5-4A73-840F-5DE6ED7F5988}.Release|Any CPU.ActiveCfg = Release|Any CPU
		{6650D91D-28D5-4A73-840F-5DE6ED7F5988}.Release|Any CPU.Build.0 = Release|Any CPU
	EndGlobalSection
	GlobalSection(SolutionProperties) = preSolution
		HideSolutionNode = FALSE
	EndGlobalSection
	GlobalSection(NestedProjects) = preSolution
		{42245E95-F2B4-4152-9864-16B0D2985563} = {49E48B9A-F6EE-44A8-A685-2DC8C19C88B4}
	EndGlobalSection
	GlobalSection(ExtensibilityGlobals) = postSolution
		SolutionGuid = {33A28E3C-357B-40F7-AE66-4EB081629366}
	EndGlobalSection
EndGlobal
